
Microsoft Visual Studio Solution File, Format Version 12.00
# Visual Studio 15
VisualStudioVersion = 15.0.28010.2041
MinimumVisualStudioVersion = 10.0.40219.1
Project("{8BC9CEB8-8B4A-11D0-8D11-00A0C91BC942}") = "HW", "HW\HW.vcxproj", "{6B2900DF-933C-465E-9ED9-3FF7B4738C75}"
EndProject
Global
	GlobalSection(SolutionConfigurationPlatforms) = preSolution
		Debug|x64 = Debug|x64
		Debug|x86 = Debug|x86
		Release|x64 = Release|x64
		Release|x86 = Release|x86
	EndGlobalSection
	GlobalSection(ProjectConfigurationPlatforms) = postSolution
		{6B2900DF-933C-465E-9ED9-3FF7B4738C75}.Debug|x64.ActiveCfg = Debug|x64
		{6B2900DF-933C-465E-9ED9-3FF7B4738C75}.Debug|x64.Build.0 = Debug|x64
		{6B2900DF-933C-465E-9ED9-3FF7B4738C75}.Debug|x86.ActiveCfg = Debug|Win32
		{6B2900DF-933C-465E-9ED9-3FF7B4738C75}.Debug|x86.Build.0 = Debug|Win32
		{6B2900DF-933C-465E-9ED9-3FF7B4738C75}.Release|x64.ActiveCfg = Release|x64
		{6B2900DF-933C-465E-9ED9-3FF7B4738C75}.Release|x64.Build.0 = Release|x64
		{6B2900DF-933C-465E-9ED9-3FF7B4738C75}.Release|x86.ActiveCfg = Release|Win32
		{6B2900DF-933C-465E-9ED9-3FF7B4738C75}.Release|x86.Build.0 = Release|Win32
	EndGlobalSection
	GlobalSection(SolutionProperties) = preSolution
		HideSolutionNode = FALSE
	EndGlobalSection
	GlobalSection(ExtensibilityGlobals) = postSolution
		SolutionGuid = {DD1F1213-0EA2-45B1-BD6B-18FF9EA80F22}
	EndGlobalSection
EndGlobal
